// !$*UTF8*$!
{
	archiveVersion = 1;
	classes = {
	};
	objectVersion = 77;
	objects = {

/* Begin PBXBuildFile section */
		48E0C51B2CD74C8200B639CE /* LICENSE in Resources */ = {isa = PBXBuildFile; fileRef = 48E0C5192CD74C8200B639CE /* LICENSE */; };
		48E0C51C2CD74C8200B639CE /* README.md in Resources */ = {isa = PBXBuildFile; fileRef = 48E0C51A2CD74C8200B639CE /* README.md */; };
/* End PBXBuildFile section */

/* Begin PBXContainerItemProxy section */
		48D7A9972CD5D3B60017D23B /* PBXContainerItemProxy */ = {
			isa = PBXContainerItemProxy;
			containerPortal = 48D7A97E2CD5D3B40017D23B /* Project object */;
			proxyType = 1;
			remoteGlobalIDString = 48D7A9852CD5D3B40017D23B;
			remoteInfo = songList;
		};
		48D7A9A12CD5D3B60017D23B /* PBXContainerItemProxy */ = {
			isa = PBXContainerItemProxy;
			containerPortal = 48D7A97E2CD5D3B40017D23B /* Project object */;
			proxyType = 1;
			remoteGlobalIDString = 48D7A9852CD5D3B40017D23B;
			remoteInfo = songList;
		};
/* End PBXContainerItemProxy section */

/* Begin PBXFileReference section */
		48D7A9862CD5D3B40017D23B /* songList.app */ = {isa = PBXFileReference; explicitFileType = wrapper.application; includeInIndex = 0; path = songList.app; sourceTree = BUILT_PRODUCTS_DIR; };
		48D7A9962CD5D3B60017D23B /* songListTests.xctest */ = {isa = PBXFileReference; explicitFileType = wrapper.cfbundle; includeInIndex = 0; path = songListTests.xctest; sourceTree = BUILT_PRODUCTS_DIR; };
		48D7A9A02CD5D3B60017D23B /* songListUITests.xctest */ = {isa = PBXFileReference; explicitFileType = wrapper.cfbundle; includeInIndex = 0; path = songListUITests.xctest; sourceTree = BUILT_PRODUCTS_DIR; };
		48E0C5192CD74C8200B639CE /* LICENSE */ = {isa = PBXFileReference; lastKnownFileType = text; path = LICENSE; sourceTree = "<group>"; };
		48E0C51A2CD74C8200B639CE /* README.md */ = {isa = PBXFileReference; lastKnownFileType = net.daringfireball.markdown; path = README.md; sourceTree = "<group>"; };
/* End PBXFileReference section */

/* Begin PBXFileSystemSynchronizedRootGroup section */
		48D7A9882CD5D3B40017D23B /* songList */ = {
			isa = PBXFileSystemSynchronizedRootGroup;
			path = songList;
			sourceTree = "<group>";
		};
		48D7A9992CD5D3B60017D23B /* songListTests */ = {
			isa = PBXFileSystemSynchronizedRootGroup;
			path = songListTests;
			sourceTree = "<group>";
		};
		48D7A9A32CD5D3B60017D23B /* songListUITests */ = {
			isa = PBXFileSystemSynchronizedRootGroup;
			path = songListUITests;
			sourceTree = "<group>";
		};
/* End PBXFileSystemSynchronizedRootGroup section */

/* Begin PBXFrameworksBuildPhase section */
		48D7A9832CD5D3B40017D23B /* Frameworks */ = {
			isa = PBXFrameworksBuildPhase;
			buildActionMask = 2147483647;
			files = (
			);
			runOnlyForDeploymentPostprocessing = 0;
		};
		48D7A9932CD5D3B60017D23B /* Frameworks */ = {
			isa = PBXFrameworksBuildPhase;
			buildActionMask = 2147483647;
			files = (
			);
			runOnlyForDeploymentPostprocessing = 0;
		};
		48D7A99D2CD5D3B60017D23B /* Frameworks */ = {
			isa = PBXFrameworksBuildPhase;
			buildActionMask = 2147483647;
			files = (
			);
			runOnlyForDeploymentPostprocessing = 0;
		};
/* End PBXFrameworksBuildPhase section */

/* Begin PBXGroup section */
		48D7A97D2CD5D3B40017D23B = {
			isa = PBXGroup;
			children = (
				48D7A9882CD5D3B40017D23B /* songList */,
				48D7A9992CD5D3B60017D23B /* songListTests */,
				48D7A9A32CD5D3B60017D23B /* songListUITests */,
				48D7A9872CD5D3B40017D23B /* Products */,
				48E0C5192CD74C8200B639CE /* LICENSE */,
				48E0C51A2CD74C8200B639CE /* README.md */,
			);
			sourceTree = "<group>";
		};
		48D7A9872CD5D3B40017D23B /* Products */ = {
			isa = PBXGroup;
			children = (
				48D7A9862CD5D3B40017D23B /* songList.app */,
				48D7A9962CD5D3B60017D23B /* songListTests.xctest */,
				48D7A9A02CD5D3B60017D23B /* songListUITests.xctest */,
			);
			name = Products;
			sourceTree = "<group>";
		};
/* End PBXGroup section */

/* Begin PBXNativeTarget section */
		48D7A9852CD5D3B40017D23B /* songList */ = {
			isa = PBXNativeTarget;
			buildConfigurationList = 48D7A9AA2CD5D3B60017D23B /* Build configuration list for PBXNativeTarget "songList" */;
			buildPhases = (
				48D7A9822CD5D3B40017D23B /* Sources */,
				48D7A9832CD5D3B40017D23B /* Frameworks */,
				48D7A9842CD5D3B40017D23B /* Resources */,
			);
			buildRules = (
			);
			dependencies = (
			);
			fileSystemSynchronizedGroups = (
				48D7A9882CD5D3B40017D23B /* songList */,
			);
			name = songList;
			packageProductDependencies = (
			);
			productName = songList;
			productReference = 48D7A9862CD5D3B40017D23B /* songList.app */;
			productType = "com.apple.product-type.application";
		};
		48D7A9952CD5D3B60017D23B /* songListTests */ = {
			isa = PBXNativeTarget;
			buildConfigurationList = 48D7A9AD2CD5D3B60017D23B /* Build configuration list for PBXNativeTarget "songListTests" */;
			buildPhases = (
				48D7A9922CD5D3B60017D23B /* Sources */,
				48D7A9932CD5D3B60017D23B /* Frameworks */,
				48D7A9942CD5D3B60017D23B /* Resources */,
			);
			buildRules = (
			);
			dependencies = (
				48D7A9982CD5D3B60017D23B /* PBXTargetDependency */,
			);
			fileSystemSynchronizedGroups = (
				48D7A9992CD5D3B60017D23B /* songListTests */,
			);
			name = songListTests;
			packageProductDependencies = (
			);
			productName = songListTests;
			productReference = 48D7A9962CD5D3B60017D23B /* songListTests.xctest */;
			productType = "com.apple.product-type.bundle.unit-test";
		};
		48D7A99F2CD5D3B60017D23B /* songListUITests */ = {
			isa = PBXNativeTarget;
			buildConfigurationList = 48D7A9B02CD5D3B60017D23B /* Build configuration list for PBXNativeTarget "songListUITests" */;
			buildPhases = (
				48D7A99C2CD5D3B60017D23B /* Sources */,
				48D7A99D2CD5D3B60017D23B /* Frameworks */,
				48D7A99E2CD5D3B60017D23B /* Resources */,
			);
			buildRules = (
			);
			dependencies = (
				48D7A9A22CD5D3B60017D23B /* PBXTargetDependency */,
			);
			fileSystemSynchronizedGroups = (
				48D7A9A32CD5D3B60017D23B /* songListUITests */,
			);
			name = songListUITests;
			packageProductDependencies = (
			);
			productName = songListUITests;
			productReference = 48D7A9A02CD5D3B60017D23B /* songListUITests.xctest */;
			productType = "com.apple.product-type.bundle.ui-testing";
		};
/* End PBXNativeTarget section */

/* Begin PBXProject section */
		48D7A97E2CD5D3B40017D23B /* Project object */ = {
			isa = PBXProject;
			attributes = {
				BuildIndependentTargetsInParallel = 1;
				LastSwiftUpdateCheck = 1610;
				LastUpgradeCheck = 1610;
				TargetAttributes = {
					48D7A9852CD5D3B40017D23B = {
						CreatedOnToolsVersion = 16.1;
					};
					48D7A9952CD5D3B60017D23B = {
						CreatedOnToolsVersion = 16.1;
						TestTargetID = 48D7A9852CD5D3B40017D23B;
					};
					48D7A99F2CD5D3B60017D23B = {
						CreatedOnToolsVersion = 16.1;
						TestTargetID = 48D7A9852CD5D3B40017D23B;
					};
				};
			};
			buildConfigurationList = 48D7A9812CD5D3B40017D23B /* Build configuration list for PBXProject "songList" */;
			developmentRegion = en;
			hasScannedForEncodings = 0;
			knownRegions = (
				en,
				Base,
			);
			mainGroup = 48D7A97D2CD5D3B40017D23B;
			minimizedProjectReferenceProxies = 1;
			preferredProjectObjectVersion = 77;
			productRefGroup = 48D7A9872CD5D3B40017D23B /* Products */;
			projectDirPath = "";
			projectRoot = "";
			targets = (
				48D7A9852CD5D3B40017D23B /* songList */,
				48D7A9952CD5D3B60017D23B /* songListTests */,
				48D7A99F2CD5D3B60017D23B /* songListUITests */,
			);
		};
/* End PBXProject section */

/* Begin PBXResourcesBuildPhase section */
		48D7A9842CD5D3B40017D23B /* Resources */ = {
			isa = PBXResourcesBuildPhase;
			buildActionMask = 2147483647;
			files = (
				48E0C51B2CD74C8200B639CE /* LICENSE in Resources */,
				48E0C51C2CD74C8200B639CE /* README.md in Resources */,
			);
			runOnlyForDeploymentPostprocessing = 0;
		};
		48D7A9942CD5D3B60017D23B /* Resources */ = {
			isa = PBXResourcesBuildPhase;
			buildActionMask = 2147483647;
			files = (
			);
			runOnlyForDeploymentPostprocessing = 0;
		};
		48D7A99E2CD5D3B60017D23B /* Resources */ = {
			isa = PBXResourcesBuildPhase;
			buildActionMask = 2147483647;
			files = (
			);
			runOnlyForDeploymentPostprocessing = 0;
		};
/* End PBXResourcesBuildPhase section */

/* Begin PBXSourcesBuildPhase section */
		48D7A9822CD5D3B40017D23B /* Sources */ = {
			isa = PBXSourcesBuildPhase;
			buildActionMask = 2147483647;
			files = (
			);
			runOnlyForDeploymentPostprocessing = 0;
		};
		48D7A9922CD5D3B60017D23B /* Sources */ = {
			isa = PBXSourcesBuildPhase;
			buildActionMask = 2147483647;
			files = (
			);
			runOnlyForDeploymentPostprocessing = 0;
		};
		48D7A99C2CD5D3B60017D23B /* Sources */ = {
			isa = PBXSourcesBuildPhase;
			buildActionMask = 2147483647;
			files = (
			);
			runOnlyForDeploymentPostprocessing = 0;
		};
/* End PBXSourcesBuildPhase section */

/* Begin PBXTargetDependency section */
		48D7A9982CD5D3B60017D23B /* PBXTargetDependency */ = {
			isa = PBXTargetDependency;
			target = 48D7A9852CD5D3B40017D23B /* songList */;
			targetProxy = 48D7A9972CD5D3B60017D23B /* PBXContainerItemProxy */;
		};
		48D7A9A22CD5D3B60017D23B /* PBXTargetDependency */ = {
			isa = PBXTargetDependency;
			target = 48D7A9852CD5D3B40017D23B /* songList */;
			targetProxy = 48D7A9A12CD5D3B60017D23B /* PBXContainerItemProxy */;
		};
/* End PBXTargetDependency section */

/* Begin XCBuildConfiguration section */
		48D7A9A82CD5D3B60017D23B /* Debug */ = {
			isa = XCBuildConfiguration;
			buildSettings = {
				ALWAYS_SEARCH_USER_PATHS = NO;
				ASSETCATALOG_COMPILER_GENERATE_SWIFT_ASSET_SYMBOL_EXTENSIONS = YES;
				CLANG_ANALYZER_NONNULL = YES;
				CLANG_ANALYZER_NUMBER_OBJECT_CONVERSION = YES_AGGRESSIVE;
				CLANG_CXX_LANGUAGE_STANDARD = "gnu++20";
				CLANG_ENABLE_MODULES = YES;
				CLANG_ENABLE_OBJC_ARC = YES;
				CLANG_ENABLE_OBJC_WEAK = YES;
				CLANG_WARN_BLOCK_CAPTURE_AUTORELEASING = YES;
				CLANG_WARN_BOOL_CONVERSION = YES;
				CLANG_WARN_COMMA = YES;
				CLANG_WARN_CONSTANT_CONVERSION = YES;
				CLANG_WARN_DEPRECATED_OBJC_IMPLEMENTATIONS = YES;
				CLANG_WARN_DIRECT_OBJC_ISA_USAGE = YES_ERROR;
				CLANG_WARN_DOCUMENTATION_COMMENTS = YES;
				CLANG_WARN_EMPTY_BODY = YES;
				CLANG_WARN_ENUM_CONVERSION = YES;
				CLANG_WARN_INFINITE_RECURSION = YES;
				CLANG_WARN_INT_CONVERSION = YES;
				CLANG_WARN_NON_LITERAL_NULL_CONVERSION = YES;
				CLANG_WARN_OBJC_IMPLICIT_RETAIN_SELF = YES;
				CLANG_WARN_OBJC_LITERAL_CONVERSION = YES;
				CLANG_WARN_OBJC_ROOT_CLASS = YES_ERROR;
				CLANG_WARN_QUOTED_INCLUDE_IN_FRAMEWORK_HEADER = YES;
				CLANG_WARN_RANGE_LOOP_ANALYSIS = YES;
				CLANG_WARN_STRICT_PROTOTYPES = YES;
				CLANG_WARN_SUSPICIOUS_MOVE = YES;
				CLANG_WARN_UNGUARDED_AVAILABILITY = YES_AGGRESSIVE;
				CLANG_WARN_UNREACHABLE_CODE = YES;
				CLANG_WARN__DUPLICATE_METHOD_MATCH = YES;
				COPY_PHASE_STRIP = NO;
				DEBUG_INFORMATION_FORMAT = dwarf;
				ENABLE_STRICT_OBJC_MSGSEND = YES;
				ENABLE_TESTABILITY = YES;
				ENABLE_USER_SCRIPT_SANDBOXING = YES;
				GCC_C_LANGUAGE_STANDARD = gnu17;
				GCC_DYNAMIC_NO_PIC = NO;
				GCC_NO_COMMON_BLOCKS = YES;
				GCC_OPTIMIZATION_LEVEL = 0;
				GCC_PREPROCESSOR_DEFINITIONS = (
					"DEBUG=1",
					"$(inherited)",
				);
				GCC_WARN_64_TO_32_BIT_CONVERSION = YES;
				GCC_WARN_ABOUT_RETURN_TYPE = YES_ERROR;
				GCC_WARN_UNDECLARED_SELECTOR = YES;
				GCC_WARN_UNINITIALIZED_AUTOS = YES_AGGRESSIVE;
				GCC_WARN_UNUSED_FUNCTION = YES;
				GCC_WARN_UNUSED_VARIABLE = YES;
				IPHONEOS_DEPLOYMENT_TARGET = 18.1;
				LOCALIZATION_PREFERS_STRING_CATALOGS = YES;
				MTL_ENABLE_DEBUG_INFO = INCLUDE_SOURCE;
				MTL_FAST_MATH = YES;
				ONLY_ACTIVE_ARCH = YES;
				SDKROOT = iphoneos;
				SWIFT_ACTIVE_COMPILATION_CONDITIONS = "DEBUG $(inherited)";
				SWIFT_OPTIMIZATION_LEVEL = "-Onone";
			};
			name = Debug;
		};
		48D7A9A92CD5D3B60017D23B /* Release */ = {
			isa = XCBuildConfiguration;
			buildSettings = {
				ALWAYS_SEARCH_USER_PATHS = NO;
				ASSETCATALOG_COMPILER_GENERATE_SWIFT_ASSET_SYMBOL_EXTENSIONS = YES;
				CLANG_ANALYZER_NONNULL = YES;
				CLANG_ANALYZER_NUMBER_OBJECT_CONVERSION = YES_AGGRESSIVE;
				CLANG_CXX_LANGUAGE_STANDARD = "gnu++20";
				CLANG_ENABLE_MODULES = YES;
				CLANG_ENABLE_OBJC_ARC = YES;
				CLANG_ENABLE_OBJC_WEAK = YES;
				CLANG_WARN_BLOCK_CAPTURE_AUTORELEASING = YES;
				CLANG_WARN_BOOL_CONVERSION = YES;
				CLANG_WARN_COMMA = YES;
				CLANG_WARN_CONSTANT_CONVERSION = YES;
				CLANG_WARN_DEPRECATED_OBJC_IMPLEMENTATIONS = YES;
				CLANG_WARN_DIRECT_OBJC_ISA_USAGE = YES_ERROR;
				CLANG_WARN_DOCUMENTATION_COMMENTS = YES;
				CLANG_WARN_EMPTY_BODY = YES;
				CLANG_WARN_ENUM_CONVERSION = YES;
				CLANG_WARN_INFINITE_RECURSION = YES;
				CLANG_WARN_INT_CONVERSION = YES;
				CLANG_WARN_NON_LITERAL_NULL_CONVERSION = YES;
				CLANG_WARN_OBJC_IMPLICIT_RETAIN_SELF = YES;
				CLANG_WARN_OBJC_LITERAL_CONVERSION = YES;
				CLANG_WARN_OBJC_ROOT_CLASS = YES_ERROR;
				CLANG_WARN_QUOTED_INCLUDE_IN_FRAMEWORK_HEADER = YES;
				CLANG_WARN_RANGE_LOOP_ANALYSIS = YES;
				CLANG_WARN_STRICT_PROTOTYPES = YES;
				CLANG_WARN_SUSPICIOUS_MOVE = YES;
				CLANG_WARN_UNGUARDED_AVAILABILITY = YES_AGGRESSIVE;
				CLANG_WARN_UNREACHABLE_CODE = YES;
				CLANG_WARN__DUPLICATE_METHOD_MATCH = YES;
				COPY_PHASE_STRIP = NO;
				DEBUG_INFORMATION_FORMAT = "dwarf-with-dsym";
				ENABLE_NS_ASSERTIONS = NO;
				ENABLE_STRICT_OBJC_MSGSEND = YES;
				ENABLE_USER_SCRIPT_SANDBOXING = YES;
				GCC_C_LANGUAGE_STANDARD = gnu17;
				GCC_NO_COMMON_BLOCKS = YES;
				GCC_WARN_64_TO_32_BIT_CONVERSION = YES;
				GCC_WARN_ABOUT_RETURN_TYPE = YES_ERROR;
				GCC_WARN_UNDECLARED_SELECTOR = YES;
				GCC_WARN_UNINITIALIZED_AUTOS = YES_AGGRESSIVE;
				GCC_WARN_UNUSED_FUNCTION = YES;
				GCC_WARN_UNUSED_VARIABLE = YES;
				IPHONEOS_DEPLOYMENT_TARGET = 18.1;
				LOCALIZATION_PREFERS_STRING_CATALOGS = YES;
				MTL_ENABLE_DEBUG_INFO = NO;
				MTL_FAST_MATH = YES;
				SDKROOT = iphoneos;
				SWIFT_COMPILATION_MODE = wholemodule;
				VALIDATE_PRODUCT = YES;
			};
			name = Release;
		};
		48D7A9AB2CD5D3B60017D23B /* Debug */ = {
			isa = XCBuildConfiguration;
			buildSettings = {
				ASSETCATALOG_COMPILER_APPICON_NAME = AppIcon;
				ASSETCATALOG_COMPILER_GLOBAL_ACCENT_COLOR_NAME = AccentColor;
				CODE_SIGN_STYLE = Automatic;
				CURRENT_PROJECT_VERSION = 1;
				DEVELOPMENT_ASSET_PATHS = "\"songList/Preview Content\"";
				DEVELOPMENT_TEAM = GQHUUS672D;
				ENABLE_PREVIEWS = YES;
				GENERATE_INFOPLIST_FILE = YES;
				INFOPLIST_KEY_UIApplicationSceneManifest_Generation = YES;
				INFOPLIST_KEY_UIApplicationSupportsIndirectInputEvents = YES;
				INFOPLIST_KEY_UILaunchScreen_Generation = YES;
				INFOPLIST_KEY_UISupportedInterfaceOrientations_iPad = "UIInterfaceOrientationPortrait UIInterfaceOrientationPortraitUpsideDown UIInterfaceOrientationLandscapeLeft UIInterfaceOrientationLandscapeRight";
				INFOPLIST_KEY_UISupportedInterfaceOrientations_iPhone = "UIInterfaceOrientationPortrait UIInterfaceOrientationLandscapeLeft UIInterfaceOrientationLandscapeRight";
				LD_RUNPATH_SEARCH_PATHS = (
					"$(inherited)",
					"@executable_path/Frameworks",
				);
				MARKETING_VERSION = 1.0;
				PRODUCT_BUNDLE_IDENTIFIER = ios.ouc.edu.songList;
				PRODUCT_NAME = "$(TARGET_NAME)";
				SWIFT_EMIT_LOC_STRINGS = YES;
				SWIFT_VERSION = 5.0;
				TARGETED_DEVICE_FAMILY = "1,2";
			};
			name = Debug;
		};
		48D7A9AC2CD5D3B60017D23B /* Release */ = {
			isa = XCBuildConfiguration;
			buildSettings = {
				ASSETCATALOG_COMPILER_APPICON_NAME = AppIcon;
				ASSETCATALOG_COMPILER_GLOBAL_ACCENT_COLOR_NAME = AccentColor;
				CODE_SIGN_STYLE = Automatic;
				CURRENT_PROJECT_VERSION = 1;
				DEVELOPMENT_ASSET_PATHS = "\"songList/Preview Content\"";
				DEVELOPMENT_TEAM = GQHUUS672D;
				ENABLE_PREVIEWS = YES;
				GENERATE_INFOPLIST_FILE = YES;
				INFOPLIST_KEY_UIApplicationSceneManifest_Generation = YES;
				INFOPLIST_KEY_UIApplicationSupportsIndirectInputEvents = YES;
				INFOPLIST_KEY_UILaunchScreen_Generation = YES;
				INFOPLIST_KEY_UISupportedInterfaceOrientations_iPad = "UIInterfaceOrientationPortrait UIInterfaceOrientationPortraitUpsideDown UIInterfaceOrientationLandscapeLeft UIInterfaceOrientationLandscapeRight";
				INFOPLIST_KEY_UISupportedInterfaceOrientations_iPhone = "UIInterfaceOrientationPortrait UIInterfaceOrientationLandscapeLeft UIInterfaceOrientationLandscapeRight";
				LD_RUNPATH_SEARCH_PATHS = (
					"$(inherited)",
					"@executable_path/Frameworks",
				);
				MARKETING_VERSION = 1.0;
				PRODUCT_BUNDLE_IDENTIFIER = ios.ouc.edu.songList;
				PRODUCT_NAME = "$(TARGET_NAME)";
				SWIFT_EMIT_LOC_STRINGS = YES;
				SWIFT_VERSION = 5.0;
				TARGETED_DEVICE_FAMILY = "1,2";
			};
			name = Release;
		};
		48D7A9AE2CD5D3B60017D23B /* Debug */ = {
			isa = XCBuildConfiguration;
			buildSettings = {
				BUNDLE_LOADER = "$(TEST_HOST)";
				CODE_SIGN_STYLE = Automatic;
				CURRENT_PROJECT_VERSION = 1;
				DEVELOPMENT_TEAM = GQHUUS672D;
				GENERATE_INFOPLIST_FILE = YES;
				IPHONEOS_DEPLOYMENT_TARGET = 18.1;
				MARKETING_VERSION = 1.0;
				PRODUCT_BUNDLE_IDENTIFIER = ios.ouc.edu.songListTests;
				PRODUCT_NAME = "$(TARGET_NAME)";
				SWIFT_EMIT_LOC_STRINGS = NO;
				SWIFT_VERSION = 5.0;
				TARGETED_DEVICE_FAMILY = "1,2";
				TEST_HOST = "$(BUILT_PRODUCTS_DIR)/songList.app/$(BUNDLE_EXECUTABLE_FOLDER_PATH)/songList";
			};
			name = Debug;
		};
		48D7A9AF2CD5D3B60017D23B /* Release */ = {
			isa = XCBuildConfiguration;
			buildSettings = {
				BUNDLE_LOADER = "$(TEST_HOST)";
				CODE_SIGN_STYLE = Automatic;
				CURRENT_PROJECT_VERSION = 1;
				DEVELOPMENT_TEAM = GQHUUS672D;
				GENERATE_INFOPLIST_FILE = YES;
				IPHONEOS_DEPLOYMENT_TARGET = 18.1;
				MARKETING_VERSION = 1.0;
				PRODUCT_BUNDLE_IDENTIFIER = ios.ouc.edu.songListTests;
				PRODUCT_NAME = "$(TARGET_NAME)";
				SWIFT_EMIT_LOC_STRINGS = NO;
				SWIFT_VERSION = 5.0;
				TARGETED_DEVICE_FAMILY = "1,2";
				TEST_HOST = "$(BUILT_PRODUCTS_DIR)/songList.app/$(BUNDLE_EXECUTABLE_FOLDER_PATH)/songList";
			};
			name = Release;
		};
		48D7A9B12CD5D3B60017D23B /* Debug */ = {
			isa = XCBuildConfiguration;
			buildSettings = {
				CODE_SIGN_STYLE = Automatic;
				CURRENT_PROJECT_VERSION = 1;
				DEVELOPMENT_TEAM = GQHUUS672D;
				GENERATE_INFOPLIST_FILE = YES;
				MARKETING_VERSION = 1.0;
				PRODUCT_BUNDLE_IDENTIFIER = ios.ouc.edu.songListUITests;
				PRODUCT_NAME = "$(TARGET_NAME)";
				SWIFT_EMIT_LOC_STRINGS = NO;
				SWIFT_VERSION = 5.0;
				TARGETED_DEVICE_FAMILY = "1,2";
				TEST_TARGET_NAME = songList;
			};
			name = Debug;
		};
		48D7A9B22CD5D3B60017D23B /* Release */ = {
			isa = XCBuildConfiguration;
			buildSettings = {
				CODE_SIGN_STYLE = Automatic;
				CURRENT_PROJECT_VERSION = 1;
				DEVELOPMENT_TEAM = GQHUUS672D;
				GENERATE_INFOPLIST_FILE = YES;
				MARKETING_VERSION = 1.0;
				PRODUCT_BUNDLE_IDENTIFIER = ios.ouc.edu.songListUITests;
				PRODUCT_NAME = "$(TARGET_NAME)";
				SWIFT_EMIT_LOC_STRINGS = NO;
				SWIFT_VERSION = 5.0;
				TARGETED_DEVICE_FAMILY = "1,2";
				TEST_TARGET_NAME = songList;
			};
			name = Release;
		};
/* End XCBuildConfiguration section */

/* Begin XCConfigurationList section */
		48D7A9812CD5D3B40017D23B /* Build configuration list for PBXProject "songList" */ = {
			isa = XCConfigurationList;
			buildConfigurations = (
				48D7A9A82CD5D3B60017D23B /* Debug */,
				48D7A9A92CD5D3B60017D23B /* Release */,
			);
			defaultConfigurationIsVisible = 0;
			defaultConfigurationName = Release;
		};
		48D7A9AA2CD5D3B60017D23B /* Build configuration list for PBXNativeTarget "songList" */ = {
			isa = XCConfigurationList;
			buildConfigurations = (
				48D7A9AB2CD5D3B60017D23B /* Debug */,
				48D7A9AC2CD5D3B60017D23B /* Release */,
			);
			defaultConfigurationIsVisible = 0;
			defaultConfigurationName = Release;
		};
		48D7A9AD2CD5D3B60017D23B /* Build configuration list for PBXNativeTarget "songListTests" */ = {
			isa = XCConfigurationList;
			buildConfigurations = (
				48D7A9AE2CD5D3B60017D23B /* Debug */,
				48D7A9AF2CD5D3B60017D23B /* Release */,
			);
			defaultConfigurationIsVisible = 0;
			defaultConfigurationName = Release;
		};
		48D7A9B02CD5D3B60017D23B /* Build configuration list for PBXNativeTarget "songListUITests" */ = {
			isa = XCConfigurationList;
			buildConfigurations = (
				48D7A9B12CD5D3B60017D23B /* Debug */,
				48D7A9B22CD5D3B60017D23B /* Release */,
			);
			defaultConfigurationIsVisible = 0;
			defaultConfigurationName = Release;
		};
/* End XCConfigurationList section */
	};
	rootObject = 48D7A97E2CD5D3B40017D23B /* Project object */;
}
